
Microsoft Visual Studio Solution File, Format Version 12.00
# Visual Studio Version 17
VisualStudioVersion = 17.0.31912.275
MinimumVisualStudioVersion = 10.0.40219.1
Project("{9A19103F-16F7-4668-BE54-9A1E7A4F7556}") = "FolkerKinzel.Contacts", "FolkerKinzel.Contacts\FolkerKinzel.Contacts.csproj", "{8A391ACC-4672-4838-935D-17298B2E0C02}"
EndProject
Project("{2150E333-8FDC-42A3-9474-1A3956D46DE8}") = "Solution Items", "Solution Items", "{B670C6DE-BC1A-418D-8934-8021C89162FB}"
	ProjectSection(SolutionItems) = preProject
		.editorconfig = .editorconfig
		..\.github\ISSUE_TEMPLATE\bug_report.md = ..\.github\ISSUE_TEMPLATE\bug_report.md
		..\.github\ISSUE_TEMPLATE\feature_request.md = ..\.github\ISSUE_TEMPLATE\feature_request.md
		..\README.md = ..\README.md
		..\SECURITY.md = ..\SECURITY.md
	EndProjectSection
EndProject
Project("{7CF6DF6D-3B04-46F8-A40B-537D21BCA0B4}") = "FolkerKinzel.Contacts.Reference.en", "FolkerKinzel.Contacts.Reference.en\FolkerKinzel.Contacts.Reference.en.shfbproj", "{FE7B5963-9811-45E9-9646-15C9CCBA7F5C}"
EndProject
Project("{9A19103F-16F7-4668-BE54-9A1E7A4F7556}") = "Examples", "Examples\Examples.csproj", "{8BB25E79-705C-402C-AC16-F6E1BA85C5F5}"
EndProject
Project("{9A19103F-16F7-4668-BE54-9A1E7A4F7556}") = "FolkerKinzel.Contacts.Tests", "FolkerKinzel.Contacts.Tests\FolkerKinzel.Contacts.Tests.csproj", "{14B62FCC-1745-4947-9D12-152C880F4CD6}"
EndProject
Project("{7CF6DF6D-3B04-46F8-A40B-537D21BCA0B4}") = "FolkerKinzel.Contacts.Reference.Website", "FolkerKinzel.Contacts.Reference.Website\FolkerKinzel.Contacts.Reference.Website.shfbproj", "{F067BC6D-0672-4CEC-9826-9352DE68CB62}"
EndProject
Global
	GlobalSection(SolutionConfigurationPlatforms) = preSolution
		Debug|Any CPU = Debug|Any CPU
		Release|Any CPU = Release|Any CPU
	EndGlobalSection
	GlobalSection(ProjectConfigurationPlatforms) = postSolution
		{8A391ACC-4672-4838-935D-17298B2E0C02}.Debug|Any CPU.ActiveCfg = Debug|Any CPU
		{8A391ACC-4672-4838-935D-17298B2E0C02}.Debug|Any CPU.Build.0 = Debug|Any CPU
		{8A391ACC-4672-4838-935D-17298B2E0C02}.Release|Any CPU.ActiveCfg = Release|Any CPU
		{8A391ACC-4672-4838-935D-17298B2E0C02}.Release|Any CPU.Build.0 = Release|Any CPU
		{FE7B5963-9811-45E9-9646-15C9CCBA7F5C}.Debug|Any CPU.ActiveCfg = Debug|Any CPU
		{FE7B5963-9811-45E9-9646-15C9CCBA7F5C}.Release|Any CPU.ActiveCfg = Release|Any CPU
		{8BB25E79-705C-402C-AC16-F6E1BA85C5F5}.Debug|Any CPU.ActiveCfg = Debug|Any CPU
		{8BB25E79-705C-402C-AC16-F6E1BA85C5F5}.Debug|Any CPU.Build.0 = Debug|Any CPU
		{8BB25E79-705C-402C-AC16-F6E1BA85C5F5}.Release|Any CPU.ActiveCfg = Release|Any CPU
		{8BB25E79-705C-402C-AC16-F6E1BA85C5F5}.Release|Any CPU.Build.0 = Release|Any CPU
		{14B62FCC-1745-4947-9D12-152C880F4CD6}.Debug|Any CPU.ActiveCfg = Debug|Any CPU
		{14B62FCC-1745-4947-9D12-152C880F4CD6}.Debug|Any CPU.Build.0 = Debug|Any CPU
		{14B62FCC-1745-4947-9D12-152C880F4CD6}.Release|Any CPU.ActiveCfg = Release|Any CPU
		{14B62FCC-1745-4947-9D12-152C880F4CD6}.Release|Any CPU.Build.0 = Release|Any CPU
		{F067BC6D-0672-4CEC-9826-9352DE68CB62}.Debug|Any CPU.ActiveCfg = Debug|Any CPU
		{F067BC6D-0672-4CEC-9826-9352DE68CB62}.Debug|Any CPU.Build.0 = Debug|Any CPU
		{F067BC6D-0672-4CEC-9826-9352DE68CB62}.Release|Any CPU.ActiveCfg = Release|Any CPU
		{F067BC6D-0672-4CEC-9826-9352DE68CB62}.Release|Any CPU.Build.0 = Release|Any CPU
	EndGlobalSection
	GlobalSection(SolutionProperties) = preSolution
		HideSolutionNode = FALSE
	EndGlobalSection
	GlobalSection(ExtensibilityGlobals) = postSolution
		SolutionGuid = {FA4BDDBE-F4F0-4501-816E-D57771054107}
	EndGlobalSection
EndGlobal
